
Microsoft Visual Studio Solution File, Format Version 12.00
# Visual Studio Version 17
VisualStudioVersion = 17.3.32901.215
MinimumVisualStudioVersion = 10.0.40219.1
Project("{FAE04EC0-301F-11D3-BF4B-00C04F79EFBC}") = "GuessingGame", "GuessingGame\GuessingGame.csproj", "{667BCB7F-02BD-47F9-87D5-0EDF99BF425E}"
EndProject
Global
	GlobalSection(SolutionConfigurationPlatforms) = preSolution
		Debug|Any CPU = Debug|Any CPU
		Release|Any CPU = Release|Any CPU
	EndGlobalSection
	GlobalSection(ProjectConfigurationPlatforms) = postSolution
		{667BCB7F-02BD-47F9-87D5-0EDF99BF425E}.Debug|Any CPU.ActiveCfg = Debug|Any CPU
		{667BCB7F-02BD-47F9-87D5-0EDF99BF425E}.Debug|Any CPU.Build.0 = Debug|Any CPU
		{667BCB7F-02BD-47F9-87D5-0EDF99BF425E}.Release|Any CPU.ActiveCfg = Release|Any CPU
		{667BCB7F-02BD-47F9-87D5-0EDF99BF425E}.Release|Any CPU.Build.0 = Release|Any CPU
	EndGlobalSection
	GlobalSection(SolutionProperties) = preSolution
		HideSolutionNode = FALSE
	EndGlobalSection
	GlobalSection(ExtensibilityGlobals) = postSolution
		SolutionGuid = {648FC2F1-0F90-4468-AEBA-E19F2CAEF44A}
	EndGlobalSection
EndGlobal
